{
  "name": "pub-sub",
  "version": "1.0.0",
  "lockfileVersion": 3,
  "requires": true,
  "packages": {
    "": {
      "name": "pub-sub",
      "version": "1.0.0",
      "license": "ISC",
      "dependencies": {
        "@types/redis": "^4.0.10",
        "redis": "^5.6.1"
      }
    },
    "node_modules/@redis/bloom": {
      "version": "5.6.1",
      "resolved": "https://registry.npmjs.org/@redis/bloom/-/bloom-5.6.1.tgz",
      "integrity": "sha512-5/22U76IMEfn6TeZ+uvjXspHw+ykBF0kpBa8xouzeHaQMXs/auqBUOEYzU2VKYDvnd2RSpPTyIg82oB7PpUgLg==",
      "license": "MIT",
      "engines": {
        "node": ">= 18"
      },
      "peerDependencies": {
        "@redis/client": "^5.6.1"
      }
    },
    "node_modules/@redis/client": {
      "version": "5.6.1",
      "resolved": "https://registry.npmjs.org/@redis/client/-/client-5.6.1.tgz",
      "integrity": "sha512-bWHmSFIJ5w1Y4aHsYs46XMDHKQsBHFRhNcllYaBxz2Zl+lu+gbm5yI9BqxvKh48bLTs/Wx1Kns0gN2WIasE8MA==",
      "license": "MIT",
      "dependencies": {
        "cluster-key-slot": "1.1.2"
      },
      "engines": {
        "node": ">= 18"
      }
    },
    "node_modules/@redis/json": {
      "version": "5.6.1",
      "resolved": "https://registry.npmjs.org/@redis/json/-/json-5.6.1.tgz",
      "integrity": "sha512-cTggVzPIVuiFeXcEcnTRiUzV7rmUvM9KUYxWiHyjsAVACTEUe4ifKkvzrij0H/z3ammU5tfGACffDB3olBwtVA==",
      "license": "MIT",
      "engines": {
        "node": ">= 18"
      },
      "peerDependencies": {
        "@redis/client": "^5.6.1"
      }
    },
    "node_modules/@redis/search": {
      "version": "5.6.1",
      "resolved": "https://registry.npmjs.org/@redis/search/-/search-5.6.1.tgz",
      "integrity": "sha512-+eOjx8O2YoKygjqkLpTHqcAq0zKLjior+ee2tRBx/3RSf1+OHxiC9Y6NstshQpvB1XHqTw9n7+f0+MsRJZrp0g==",
      "license": "MIT",
      "engines": {
        "node": ">= 18"
      },
      "peerDependencies": {
        "@redis/client": "^5.6.1"
      }
    },
    "node_modules/@redis/time-series": {
      "version": "5.6.1",
      "resolved": "https://registry.npmjs.org/@redis/time-series/-/time-series-5.6.1.tgz",
      "integrity": "sha512-sd3q4jMJdoSO2akw1L9NrdFI1JJ6zeMgMUoTh4a34p9sY3AnOI4aDLCecy8L2IcPAP1oNR3TbLFJiCJDQ35QTA==",
      "license": "MIT",
      "engines": {
        "node": ">= 18"
      },
      "peerDependencies": {
        "@redis/client": "^5.6.1"
      }
    },
    "node_modules/@types/redis": {
      "version": "4.0.10",
      "resolved": "https://registry.npmjs.org/@types/redis/-/redis-4.0.10.tgz",
      "integrity": "sha512-7CLy5b5fzzEGVcOccgZjoMlNpPhX6d10jEeRy2YWbFuaMNrSPc9ExRsMYsd+0VxvEHucf4EWx24Ja7cSU1FGUA==",
      "license": "MIT",
      "dependencies": {
        "redis": "*"
      }
    },
    "node_modules/cluster-key-slot": {
      "version": "1.1.2",
      "resolved": "https://registry.npmjs.org/cluster-key-slot/-/cluster-key-slot-1.1.2.tgz",
      "integrity": "sha512-RMr0FhtfXemyinomL4hrWcYJxmX6deFdCxpJzhDttxgO1+bcCnkk+9drydLVDmAMG7NE6aN/fl4F7ucU/90gAA==",
      "license": "Apache-2.0",
      "engines": {
        "node": ">=0.10.0"
      }
    },
    "node_modules/redis": {
      "version": "5.6.1",
      "resolved": "https://registry.npmjs.org/redis/-/redis-5.6.1.tgz",
      "integrity": "sha512-O9DwAvcBm/lrlkGE0A6gNBtUdA8J9oD9njeLYlLzmm+MGTR7nd7VkpspfXqeXFg3gm89zldDqckyaHhXfhY80g==",
      "license": "MIT",
      "dependencies": {
        "@redis/bloom": "5.6.1",
        "@redis/client": "5.6.1",
        "@redis/json": "5.6.1",
        "@redis/search": "5.6.1",
        "@redis/time-series": "5.6.1"
      },
      "engines": {
        "node": ">= 18"
      }
    }
  }
}
